// !$*UTF8*$!
{
	archiveVersion = 1;
	classes = {
	};
	objectVersion = 77;
	objects = {

/* Begin PBXContainerItemProxy section */
		B735295B2E2EF2D10019E80A /* PBXContainerItemProxy */ = {
			isa = PBXContainerItemProxy;
			containerPortal = B73529442E2EF2CF0019E80A /* Project object */;
			proxyType = 1;
			remoteGlobalIDString = B735294B2E2EF2CF0019E80A;
			remoteInfo = WhoAteWhat;
		};
		B73529652E2EF2D10019E80A /* PBXContainerItemProxy */ = {
			isa = PBXContainerItemProxy;
			containerPortal = B73529442E2EF2CF0019E80A /* Project object */;
			proxyType = 1;
			remoteGlobalIDString = B735294B2E2EF2CF0019E80A;
			remoteInfo = WhoAteWhat;
		};
/* End PBXContainerItemProxy section */

/* Begin PBXFileReference section */
		B735294C2E2EF2CF0019E80A /* WhoAteWhat.app */ = {isa = PBXFileReference; explicitFileType = wrapper.application; includeInIndex = 0; path = WhoAteWhat.app; sourceTree = BUILT_PRODUCTS_DIR; };
		B735295A2E2EF2D10019E80A /* WhoAteWhatTests.xctest */ = {isa = PBXFileReference; explicitFileType = wrapper.cfbundle; includeInIndex = 0; path = WhoAteWhatTests.xctest; sourceTree = BUILT_PRODUCTS_DIR; };
		B73529642E2EF2D10019E80A /* WhoAteWhatUITests.xctest */ = {isa = PBXFileReference; explicitFileType = wrapper.cfbundle; includeInIndex = 0; path = WhoAteWhatUITests.xctest; sourceTree = BUILT_PRODUCTS_DIR; };
/* End PBXFileReference section */

/* Begin PBXFileSystemSynchronizedRootGroup section */
		B735294E2E2EF2CF0019E80A /* WhoAteWhat */ = {
			isa = PBXFileSystemSynchronizedRootGroup;
			path = WhoAteWhat;
			sourceTree = "<group>";
		};
		B735295D2E2EF2D10019E80A /* WhoAteWhatTests */ = {
			isa = PBXFileSystemSynchronizedRootGroup;
			path = WhoAteWhatTests;
			sourceTree = "<group>";
		};
		B73529672E2EF2D10019E80A /* WhoAteWhatUITests */ = {
			isa = PBXFileSystemSynchronizedRootGroup;
			path = WhoAteWhatUITests;
			sourceTree = "<group>";
		};
/* End PBXFileSystemSynchronizedRootGroup section */

/* Begin PBXFrameworksBuildPhase section */
		B73529492E2EF2CF0019E80A /* Frameworks */ = {
			isa = PBXFrameworksBuildPhase;
			buildActionMask = 2147483647;
			files = (
			);
			runOnlyForDeploymentPostprocessing = 0;
		};
		B73529572E2EF2D10019E80A /* Frameworks */ = {
			isa = PBXFrameworksBuildPhase;
			buildActionMask = 2147483647;
			files = (
			);
			runOnlyForDeploymentPostprocessing = 0;
		};
		B73529612E2EF2D10019E80A /* Frameworks */ = {
			isa = PBXFrameworksBuildPhase;
			buildActionMask = 2147483647;
			files = (
			);
			runOnlyForDeploymentPostprocessing = 0;
		};
/* End PBXFrameworksBuildPhase section */

/* Begin PBXGroup section */
		B73529432E2EF2CF0019E80A = {
			isa = PBXGroup;
			children = (
				B735294E2E2EF2CF0019E80A /* WhoAteWhat */,
				B735295D2E2EF2D10019E80A /* WhoAteWhatTests */,
				B73529672E2EF2D10019E80A /* WhoAteWhatUITests */,
				B735294D2E2EF2CF0019E80A /* Products */,
			);
			sourceTree = "<group>";
		};
		B735294D2E2EF2CF0019E80A /* Products */ = {
			isa = PBXGroup;
			children = (
				B735294C2E2EF2CF0019E80A /* WhoAteWhat.app */,
				B735295A2E2EF2D10019E80A /* WhoAteWhatTests.xctest */,
				B73529642E2EF2D10019E80A /* WhoAteWhatUITests.xctest */,
			);
			name = Products;
			sourceTree = "<group>";
		};
/* End PBXGroup section */

/* Begin PBXNativeTarget section */
		B735294B2E2EF2CF0019E80A /* WhoAteWhat */ = {
			isa = PBXNativeTarget;
			buildConfigurationList = B735296E2E2EF2D10019E80A /* Build configuration list for PBXNativeTarget "WhoAteWhat" */;
			buildPhases = (
				B73529482E2EF2CF0019E80A /* Sources */,
				B73529492E2EF2CF0019E80A /* Frameworks */,
				B735294A2E2EF2CF0019E80A /* Resources */,
			);
			buildRules = (
			);
			dependencies = (
			);
			fileSystemSynchronizedGroups = (
				B735294E2E2EF2CF0019E80A /* WhoAteWhat */,
			);
			name = WhoAteWhat;
			packageProductDependencies = (
			);
			productName = WhoAteWhat;
			productReference = B735294C2E2EF2CF0019E80A /* WhoAteWhat.app */;
			productType = "com.apple.product-type.application";
		};
		B73529592E2EF2D10019E80A /* WhoAteWhatTests */ = {
			isa = PBXNativeTarget;
			buildConfigurationList = B73529712E2EF2D10019E80A /* Build configuration list for PBXNativeTarget "WhoAteWhatTests" */;
			buildPhases = (
				B73529562E2EF2D10019E80A /* Sources */,
				B73529572E2EF2D10019E80A /* Frameworks */,
				B73529582E2EF2D10019E80A /* Resources */,
			);
			buildRules = (
			);
			dependencies = (
				B735295C2E2EF2D10019E80A /* PBXTargetDependency */,
			);
			fileSystemSynchronizedGroups = (
				B735295D2E2EF2D10019E80A /* WhoAteWhatTests */,
			);
			name = WhoAteWhatTests;
			packageProductDependencies = (
			);
			productName = WhoAteWhatTests;
			productReference = B735295A2E2EF2D10019E80A /* WhoAteWhatTests.xctest */;
			productType = "com.apple.product-type.bundle.unit-test";
		};
		B73529632E2EF2D10019E80A /* WhoAteWhatUITests */ = {
			isa = PBXNativeTarget;
			buildConfigurationList = B73529742E2EF2D10019E80A /* Build configuration list for PBXNativeTarget "WhoAteWhatUITests" */;
			buildPhases = (
				B73529602E2EF2D10019E80A /* Sources */,
				B73529612E2EF2D10019E80A /* Frameworks */,
				B73529622E2EF2D10019E80A /* Resources */,
			);
			buildRules = (
			);
			dependencies = (
				B73529662E2EF2D10019E80A /* PBXTargetDependency */,
			);
			fileSystemSynchronizedGroups = (
				B73529672E2EF2D10019E80A /* WhoAteWhatUITests */,
			);
			name = WhoAteWhatUITests;
			packageProductDependencies = (
			);
			productName = WhoAteWhatUITests;
			productReference = B73529642E2EF2D10019E80A /* WhoAteWhatUITests.xctest */;
			productType = "com.apple.product-type.bundle.ui-testing";
		};
/* End PBXNativeTarget section */

/* Begin PBXProject section */
		B73529442E2EF2CF0019E80A /* Project object */ = {
			isa = PBXProject;
			attributes = {
				BuildIndependentTargetsInParallel = 1;
				LastSwiftUpdateCheck = 1640;
				LastUpgradeCheck = 1640;
				TargetAttributes = {
					B735294B2E2EF2CF0019E80A = {
						CreatedOnToolsVersion = 16.4;
					};
					B73529592E2EF2D10019E80A = {
						CreatedOnToolsVersion = 16.4;
						TestTargetID = B735294B2E2EF2CF0019E80A;
					};
					B73529632E2EF2D10019E80A = {
						CreatedOnToolsVersion = 16.4;
						TestTargetID = B735294B2E2EF2CF0019E80A;
					};
				};
			};
			buildConfigurationList = B73529472E2EF2CF0019E80A /* Build configuration list for PBXProject "WhoAteWhat" */;
			developmentRegion = en;
			hasScannedForEncodings = 0;
			knownRegions = (
				en,
				Base,
			);
			mainGroup = B73529432E2EF2CF0019E80A;
			minimizedProjectReferenceProxies = 1;
			preferredProjectObjectVersion = 77;
			productRefGroup = B735294D2E2EF2CF0019E80A /* Products */;
			projectDirPath = "";
			projectRoot = "";
			targets = (
				B735294B2E2EF2CF0019E80A /* WhoAteWhat */,
				B73529592E2EF2D10019E80A /* WhoAteWhatTests */,
				B73529632E2EF2D10019E80A /* WhoAteWhatUITests */,
			);
		};
/* End PBXProject section */

/* Begin PBXResourcesBuildPhase section */
		B735294A2E2EF2CF0019E80A /* Resources */ = {
			isa = PBXResourcesBuildPhase;
			buildActionMask = 2147483647;
			files = (
			);
			runOnlyForDeploymentPostprocessing = 0;
		};
		B73529582E2EF2D10019E80A /* Resources */ = {
			isa = PBXResourcesBuildPhase;
			buildActionMask = 2147483647;
			files = (
			);
			runOnlyForDeploymentPostprocessing = 0;
		};
		B73529622E2EF2D10019E80A /* Resources */ = {
			isa = PBXResourcesBuildPhase;
			buildActionMask = 2147483647;
			files = (
			);
			runOnlyForDeploymentPostprocessing = 0;
		};
/* End PBXResourcesBuildPhase section */

/* Begin PBXSourcesBuildPhase section */
		B73529482E2EF2CF0019E80A /* Sources */ = {
			isa = PBXSourcesBuildPhase;
			buildActionMask = 2147483647;
			files = (
			);
			runOnlyForDeploymentPostprocessing = 0;
		};
		B73529562E2EF2D10019E80A /* Sources */ = {
			isa = PBXSourcesBuildPhase;
			buildActionMask = 2147483647;
			files = (
			);
			runOnlyForDeploymentPostprocessing = 0;
		};
		B73529602E2EF2D10019E80A /* Sources */ = {
			isa = PBXSourcesBuildPhase;
			buildActionMask = 2147483647;
			files = (
			);
			runOnlyForDeploymentPostprocessing = 0;
		};
/* End PBXSourcesBuildPhase section */

/* Begin PBXTargetDependency section */
		B735295C2E2EF2D10019E80A /* PBXTargetDependency */ = {
			isa = PBXTargetDependency;
			target = B735294B2E2EF2CF0019E80A /* WhoAteWhat */;
			targetProxy = B735295B2E2EF2D10019E80A /* PBXContainerItemProxy */;
		};
		B73529662E2EF2D10019E80A /* PBXTargetDependency */ = {
			isa = PBXTargetDependency;
			target = B735294B2E2EF2CF0019E80A /* WhoAteWhat */;
			targetProxy = B73529652E2EF2D10019E80A /* PBXContainerItemProxy */;
		};
/* End PBXTargetDependency section */

/* Begin XCBuildConfiguration section */
		B735296C2E2EF2D10019E80A /* Debug */ = {
			isa = XCBuildConfiguration;
			buildSettings = {
				ALWAYS_SEARCH_USER_PATHS = NO;
				ASSETCATALOG_COMPILER_GENERATE_SWIFT_ASSET_SYMBOL_EXTENSIONS = YES;
				CLANG_ANALYZER_NONNULL = YES;
				CLANG_ANALYZER_NUMBER_OBJECT_CONVERSION = YES_AGGRESSIVE;
				CLANG_CXX_LANGUAGE_STANDARD = "gnu++20";
				CLANG_ENABLE_MODULES = YES;
				CLANG_ENABLE_OBJC_ARC = YES;
				CLANG_ENABLE_OBJC_WEAK = YES;
				CLANG_WARN_BLOCK_CAPTURE_AUTORELEASING = YES;
				CLANG_WARN_BOOL_CONVERSION = YES;
				CLANG_WARN_COMMA = YES;
				CLANG_WARN_CONSTANT_CONVERSION = YES;
				CLANG_WARN_DEPRECATED_OBJC_IMPLEMENTATIONS = YES;
				CLANG_WARN_DIRECT_OBJC_ISA_USAGE = YES_ERROR;
				CLANG_WARN_DOCUMENTATION_COMMENTS = YES;
				CLANG_WARN_EMPTY_BODY = YES;
				CLANG_WARN_ENUM_CONVERSION = YES;
				CLANG_WARN_INFINITE_RECURSION = YES;
				CLANG_WARN_INT_CONVERSION = YES;
				CLANG_WARN_NON_LITERAL_NULL_CONVERSION = YES;
				CLANG_WARN_OBJC_IMPLICIT_RETAIN_SELF = YES;
				CLANG_WARN_OBJC_LITERAL_CONVERSION = YES;
				CLANG_WARN_OBJC_ROOT_CLASS = YES_ERROR;
				CLANG_WARN_QUOTED_INCLUDE_IN_FRAMEWORK_HEADER = YES;
				CLANG_WARN_RANGE_LOOP_ANALYSIS = YES;
				CLANG_WARN_STRICT_PROTOTYPES = YES;
				CLANG_WARN_SUSPICIOUS_MOVE = YES;
				CLANG_WARN_UNGUARDED_AVAILABILITY = YES_AGGRESSIVE;
				CLANG_WARN_UNREACHABLE_CODE = YES;
				CLANG_WARN__DUPLICATE_METHOD_MATCH = YES;
				COPY_PHASE_STRIP = NO;
				DEBUG_INFORMATION_FORMAT = dwarf;
				ENABLE_STRICT_OBJC_MSGSEND = YES;
				ENABLE_TESTABILITY = YES;
				ENABLE_USER_SCRIPT_SANDBOXING = YES;
				GCC_C_LANGUAGE_STANDARD = gnu17;
				GCC_DYNAMIC_NO_PIC = NO;
				GCC_NO_COMMON_BLOCKS = YES;
				GCC_OPTIMIZATION_LEVEL = 0;
				GCC_PREPROCESSOR_DEFINITIONS = (
					"DEBUG=1",
					"$(inherited)",
				);
				GCC_WARN_64_TO_32_BIT_CONVERSION = YES;
				GCC_WARN_ABOUT_RETURN_TYPE = YES_ERROR;
				GCC_WARN_UNDECLARED_SELECTOR = YES;
				GCC_WARN_UNINITIALIZED_AUTOS = YES_AGGRESSIVE;
				GCC_WARN_UNUSED_FUNCTION = YES;
				GCC_WARN_UNUSED_VARIABLE = YES;
				LOCALIZATION_PREFERS_STRING_CATALOGS = YES;
				MTL_ENABLE_DEBUG_INFO = INCLUDE_SOURCE;
				MTL_FAST_MATH = YES;
				ONLY_ACTIVE_ARCH = YES;
				SWIFT_ACTIVE_COMPILATION_CONDITIONS = "DEBUG $(inherited)";
				SWIFT_OPTIMIZATION_LEVEL = "-Onone";
			};
			name = Debug;
		};
		B735296D2E2EF2D10019E80A /* Release */ = {
			isa = XCBuildConfiguration;
			buildSettings = {
				ALWAYS_SEARCH_USER_PATHS = NO;
				ASSETCATALOG_COMPILER_GENERATE_SWIFT_ASSET_SYMBOL_EXTENSIONS = YES;
				CLANG_ANALYZER_NONNULL = YES;
				CLANG_ANALYZER_NUMBER_OBJECT_CONVERSION = YES_AGGRESSIVE;
				CLANG_CXX_LANGUAGE_STANDARD = "gnu++20";
				CLANG_ENABLE_MODULES = YES;
				CLANG_ENABLE_OBJC_ARC = YES;
				CLANG_ENABLE_OBJC_WEAK = YES;
				CLANG_WARN_BLOCK_CAPTURE_AUTORELEASING = YES;
				CLANG_WARN_BOOL_CONVERSION = YES;
				CLANG_WARN_COMMA = YES;
				CLANG_WARN_CONSTANT_CONVERSION = YES;
				CLANG_WARN_DEPRECATED_OBJC_IMPLEMENTATIONS = YES;
				CLANG_WARN_DIRECT_OBJC_ISA_USAGE = YES_ERROR;
				CLANG_WARN_DOCUMENTATION_COMMENTS = YES;
				CLANG_WARN_EMPTY_BODY = YES;
				CLANG_WARN_ENUM_CONVERSION = YES;
				CLANG_WARN_INFINITE_RECURSION = YES;
				CLANG_WARN_INT_CONVERSION = YES;
				CLANG_WARN_NON_LITERAL_NULL_CONVERSION = YES;
				CLANG_WARN_OBJC_IMPLICIT_RETAIN_SELF = YES;
				CLANG_WARN_OBJC_LITERAL_CONVERSION = YES;
				CLANG_WARN_OBJC_ROOT_CLASS = YES_ERROR;
				CLANG_WARN_QUOTED_INCLUDE_IN_FRAMEWORK_HEADER = YES;
				CLANG_WARN_RANGE_LOOP_ANALYSIS = YES;
				CLANG_WARN_STRICT_PROTOTYPES = YES;
				CLANG_WARN_SUSPICIOUS_MOVE = YES;
				CLANG_WARN_UNGUARDED_AVAILABILITY = YES_AGGRESSIVE;
				CLANG_WARN_UNREACHABLE_CODE = YES;
				CLANG_WARN__DUPLICATE_METHOD_MATCH = YES;
				COPY_PHASE_STRIP = NO;
				DEBUG_INFORMATION_FORMAT = "dwarf-with-dsym";
				ENABLE_NS_ASSERTIONS = NO;
				ENABLE_STRICT_OBJC_MSGSEND = YES;
				ENABLE_USER_SCRIPT_SANDBOXING = YES;
				GCC_C_LANGUAGE_STANDARD = gnu17;
				GCC_NO_COMMON_BLOCKS = YES;
				GCC_WARN_64_TO_32_BIT_CONVERSION = YES;
				GCC_WARN_ABOUT_RETURN_TYPE = YES_ERROR;
				GCC_WARN_UNDECLARED_SELECTOR = YES;
				GCC_WARN_UNINITIALIZED_AUTOS = YES_AGGRESSIVE;
				GCC_WARN_UNUSED_FUNCTION = YES;
				GCC_WARN_UNUSED_VARIABLE = YES;
				LOCALIZATION_PREFERS_STRING_CATALOGS = YES;
				MTL_ENABLE_DEBUG_INFO = NO;
				MTL_FAST_MATH = YES;
				SWIFT_COMPILATION_MODE = wholemodule;
			};
			name = Release;
		};
		B735296F2E2EF2D10019E80A /* Debug */ = {
			isa = XCBuildConfiguration;
			buildSettings = {
				ASSETCATALOG_COMPILER_APPICON_NAME = AppIcon;
				ASSETCATALOG_COMPILER_GLOBAL_ACCENT_COLOR_NAME = AccentColor;
				CODE_SIGN_ENTITLEMENTS = WhoAteWhat/WhoAteWhat.entitlements;
				CODE_SIGN_STYLE = Automatic;
				CURRENT_PROJECT_VERSION = 1;
				ENABLE_PREVIEWS = YES;
				GENERATE_INFOPLIST_FILE = YES;
				"INFOPLIST_KEY_UIApplicationSceneManifest_Generation[sdk=iphoneos*]" = YES;
				"INFOPLIST_KEY_UIApplicationSceneManifest_Generation[sdk=iphonesimulator*]" = YES;
				"INFOPLIST_KEY_UIApplicationSupportsIndirectInputEvents[sdk=iphoneos*]" = YES;
				"INFOPLIST_KEY_UIApplicationSupportsIndirectInputEvents[sdk=iphonesimulator*]" = YES;
				"INFOPLIST_KEY_UILaunchScreen_Generation[sdk=iphoneos*]" = YES;
				"INFOPLIST_KEY_UILaunchScreen_Generation[sdk=iphonesimulator*]" = YES;
				"INFOPLIST_KEY_UIStatusBarStyle[sdk=iphoneos*]" = UIStatusBarStyleDefault;
				"INFOPLIST_KEY_UIStatusBarStyle[sdk=iphonesimulator*]" = UIStatusBarStyleDefault;
				INFOPLIST_KEY_UISupportedInterfaceOrientations_iPad = "UIInterfaceOrientationPortrait UIInterfaceOrientationPortraitUpsideDown UIInterfaceOrientationLandscapeLeft UIInterfaceOrientationLandscapeRight";
				INFOPLIST_KEY_UISupportedInterfaceOrientations_iPhone = "UIInterfaceOrientationPortrait UIInterfaceOrientationLandscapeLeft UIInterfaceOrientationLandscapeRight";
				INFOPLIST_KEY_NSCameraUsageDescription = "This app needs access to your camera to capture receipt images for bill splitting.";
				INFOPLIST_KEY_NSPhotoLibraryUsageDescription = "This app needs access to your photo library to select receipt images for bill splitting.";
				IPHONEOS_DEPLOYMENT_TARGET = 18.5;
				LD_RUNPATH_SEARCH_PATHS = "@executable_path/Frameworks";
				"LD_RUNPATH_SEARCH_PATHS[sdk=macosx*]" = "@executable_path/../Frameworks";
				MACOSX_DEPLOYMENT_TARGET = 15.5;
				MARKETING_VERSION = 1.0;
				PRODUCT_BUNDLE_IDENTIFIER = acrokat.WhoAteWhat;
				PRODUCT_NAME = "$(TARGET_NAME)";
				REGISTER_APP_GROUPS = YES;
				SDKROOT = auto;
				SUPPORTED_PLATFORMS = "iphoneos iphonesimulator macosx xros xrsimulator";
				SWIFT_EMIT_LOC_STRINGS = YES;
				SWIFT_VERSION = 5.0;
				TARGETED_DEVICE_FAMILY = "1,2,7";
				XROS_DEPLOYMENT_TARGET = 2.5;
			};
			name = Debug;
		};
		B73529702E2EF2D10019E80A /* Release */ = {
			isa = XCBuildConfiguration;
			buildSettings = {
				ASSETCATALOG_COMPILER_APPICON_NAME = AppIcon;
				ASSETCATALOG_COMPILER_GLOBAL_ACCENT_COLOR_NAME = AccentColor;
				CODE_SIGN_ENTITLEMENTS = WhoAteWhat/WhoAteWhat.entitlements;
				CODE_SIGN_STYLE = Automatic;
				CURRENT_PROJECT_VERSION = 1;
				ENABLE_PREVIEWS = YES;
				GENERATE_INFOPLIST_FILE = YES;
				"INFOPLIST_KEY_UIApplicationSceneManifest_Generation[sdk=iphoneos*]" = YES;
				"INFOPLIST_KEY_UIApplicationSceneManifest_Generation[sdk=iphonesimulator*]" = YES;
				"INFOPLIST_KEY_UIApplicationSupportsIndirectInputEvents[sdk=iphoneos*]" = YES;
				"INFOPLIST_KEY_UIApplicationSupportsIndirectInputEvents[sdk=iphonesimulator*]" = YES;
				"INFOPLIST_KEY_UILaunchScreen_Generation[sdk=iphoneos*]" = YES;
				"INFOPLIST_KEY_UILaunchScreen_Generation[sdk=iphonesimulator*]" = YES;
				"INFOPLIST_KEY_UIStatusBarStyle[sdk=iphoneos*]" = UIStatusBarStyleDefault;
				"INFOPLIST_KEY_UIStatusBarStyle[sdk=iphonesimulator*]" = UIStatusBarStyleDefault;
				INFOPLIST_KEY_UISupportedInterfaceOrientations_iPad = "UIInterfaceOrientationPortrait UIInterfaceOrientationPortraitUpsideDown UIInterfaceOrientationLandscapeLeft UIInterfaceOrientationLandscapeRight";
				INFOPLIST_KEY_UISupportedInterfaceOrientations_iPhone = "UIInterfaceOrientationPortrait UIInterfaceOrientationLandscapeLeft UIInterfaceOrientationLandscapeRight";
				INFOPLIST_KEY_NSCameraUsageDescription = "This app needs access to your camera to capture receipt images for bill splitting.";
				INFOPLIST_KEY_NSPhotoLibraryUsageDescription = "This app needs access to your photo library to select receipt images for bill splitting.";
				IPHONEOS_DEPLOYMENT_TARGET = 18.5;
				LD_RUNPATH_SEARCH_PATHS = "@executable_path/Frameworks";
				"LD_RUNPATH_SEARCH_PATHS[sdk=macosx*]" = "@executable_path/../Frameworks";
				MACOSX_DEPLOYMENT_TARGET = 15.5;
				MARKETING_VERSION = 1.0;
				PRODUCT_BUNDLE_IDENTIFIER = acrokat.WhoAteWhat;
				PRODUCT_NAME = "$(TARGET_NAME)";
				REGISTER_APP_GROUPS = YES;
				SDKROOT = auto;
				SUPPORTED_PLATFORMS = "iphoneos iphonesimulator macosx xros xrsimulator";
				SWIFT_EMIT_LOC_STRINGS = YES;
				SWIFT_VERSION = 5.0;
				TARGETED_DEVICE_FAMILY = "1,2,7";
				XROS_DEPLOYMENT_TARGET = 2.5;
			};
			name = Release;
		};
		B73529722E2EF2D10019E80A /* Debug */ = {
			isa = XCBuildConfiguration;
			buildSettings = {
				BUNDLE_LOADER = "$(TEST_HOST)";
				CODE_SIGN_STYLE = Automatic;
				CURRENT_PROJECT_VERSION = 1;
				GENERATE_INFOPLIST_FILE = YES;
				IPHONEOS_DEPLOYMENT_TARGET = 18.5;
				MACOSX_DEPLOYMENT_TARGET = 15.5;
				MARKETING_VERSION = 1.0;
				PRODUCT_BUNDLE_IDENTIFIER = acrokat.WhoAteWhatTests;
				PRODUCT_NAME = "$(TARGET_NAME)";
				SDKROOT = auto;
				SUPPORTED_PLATFORMS = "iphoneos iphonesimulator macosx xros xrsimulator";
				SWIFT_EMIT_LOC_STRINGS = NO;
				SWIFT_VERSION = 5.0;
				TARGETED_DEVICE_FAMILY = "1,2,7";
				TEST_HOST = "$(BUILT_PRODUCTS_DIR)/WhoAteWhat.app/$(BUNDLE_EXECUTABLE_FOLDER_PATH)/WhoAteWhat";
				XROS_DEPLOYMENT_TARGET = 2.5;
			};
			name = Debug;
		};
		B73529732E2EF2D10019E80A /* Release */ = {
			isa = XCBuildConfiguration;
			buildSettings = {
				BUNDLE_LOADER = "$(TEST_HOST)";
				CODE_SIGN_STYLE = Automatic;
				CURRENT_PROJECT_VERSION = 1;
				GENERATE_INFOPLIST_FILE = YES;
				IPHONEOS_DEPLOYMENT_TARGET = 18.5;
				MACOSX_DEPLOYMENT_TARGET = 15.5;
				MARKETING_VERSION = 1.0;
				PRODUCT_BUNDLE_IDENTIFIER = acrokat.WhoAteWhatTests;
				PRODUCT_NAME = "$(TARGET_NAME)";
				SDKROOT = auto;
				SUPPORTED_PLATFORMS = "iphoneos iphonesimulator macosx xros xrsimulator";
				SWIFT_EMIT_LOC_STRINGS = NO;
				SWIFT_VERSION = 5.0;
				TARGETED_DEVICE_FAMILY = "1,2,7";
				TEST_HOST = "$(BUILT_PRODUCTS_DIR)/WhoAteWhat.app/$(BUNDLE_EXECUTABLE_FOLDER_PATH)/WhoAteWhat";
				XROS_DEPLOYMENT_TARGET = 2.5;
			};
			name = Release;
		};
		B73529752E2EF2D10019E80A /* Debug */ = {
			isa = XCBuildConfiguration;
			buildSettings = {
				CODE_SIGN_STYLE = Automatic;
				CURRENT_PROJECT_VERSION = 1;
				GENERATE_INFOPLIST_FILE = YES;
				IPHONEOS_DEPLOYMENT_TARGET = 18.5;
				MACOSX_DEPLOYMENT_TARGET = 15.5;
				MARKETING_VERSION = 1.0;
				PRODUCT_BUNDLE_IDENTIFIER = acrokat.WhoAteWhatUITests;
				PRODUCT_NAME = "$(TARGET_NAME)";
				SDKROOT = auto;
				SUPPORTED_PLATFORMS = "iphoneos iphonesimulator macosx xros xrsimulator";
				SWIFT_EMIT_LOC_STRINGS = NO;
				SWIFT_VERSION = 5.0;
				TARGETED_DEVICE_FAMILY = "1,2,7";
				TEST_TARGET_NAME = WhoAteWhat;
				XROS_DEPLOYMENT_TARGET = 2.5;
			};
			name = Debug;
		};
		B73529762E2EF2D10019E80A /* Release */ = {
			isa = XCBuildConfiguration;
			buildSettings = {
				CODE_SIGN_STYLE = Automatic;
				CURRENT_PROJECT_VERSION = 1;
				GENERATE_INFOPLIST_FILE = YES;
				IPHONEOS_DEPLOYMENT_TARGET = 18.5;
				MACOSX_DEPLOYMENT_TARGET = 15.5;
				MARKETING_VERSION = 1.0;
				PRODUCT_BUNDLE_IDENTIFIER = acrokat.WhoAteWhatUITests;
				PRODUCT_NAME = "$(TARGET_NAME)";
				SDKROOT = auto;
				SUPPORTED_PLATFORMS = "iphoneos iphonesimulator macosx xros xrsimulator";
				SWIFT_EMIT_LOC_STRINGS = NO;
				SWIFT_VERSION = 5.0;
				TARGETED_DEVICE_FAMILY = "1,2,7";
				TEST_TARGET_NAME = WhoAteWhat;
				XROS_DEPLOYMENT_TARGET = 2.5;
			};
			name = Release;
		};
/* End XCBuildConfiguration section */

/* Begin XCConfigurationList section */
		B73529472E2EF2CF0019E80A /* Build configuration list for PBXProject "WhoAteWhat" */ = {
			isa = XCConfigurationList;
			buildConfigurations = (
				B735296C2E2EF2D10019E80A /* Debug */,
				B735296D2E2EF2D10019E80A /* Release */,
			);
			defaultConfigurationIsVisible = 0;
			defaultConfigurationName = Release;
		};
		B735296E2E2EF2D10019E80A /* Build configuration list for PBXNativeTarget "WhoAteWhat" */ = {
			isa = XCConfigurationList;
			buildConfigurations = (
				B735296F2E2EF2D10019E80A /* Debug */,
				B73529702E2EF2D10019E80A /* Release */,
			);
			defaultConfigurationIsVisible = 0;
			defaultConfigurationName = Release;
		};
		B73529712E2EF2D10019E80A /* Build configuration list for PBXNativeTarget "WhoAteWhatTests" */ = {
			isa = XCConfigurationList;
			buildConfigurations = (
				B73529722E2EF2D10019E80A /* Debug */,
				B73529732E2EF2D10019E80A /* Release */,
			);
			defaultConfigurationIsVisible = 0;
			defaultConfigurationName = Release;
		};
		B73529742E2EF2D10019E80A /* Build configuration list for PBXNativeTarget "WhoAteWhatUITests" */ = {
			isa = XCConfigurationList;
			buildConfigurations = (
				B73529752E2EF2D10019E80A /* Debug */,
				B73529762E2EF2D10019E80A /* Release */,
			);
			defaultConfigurationIsVisible = 0;
			defaultConfigurationName = Release;
		};
/* End XCConfigurationList section */
	};
	rootObject = B73529442E2EF2CF0019E80A /* Project object */;
}
